<?xml version="1.0" encoding="utf-8"?>
<Project ToolsVersion="4.0" xmlns="http://schemas.microsoft.com/developer/msbuild/2003">
  <ItemGroup>
    <Filter Include="源文件">
      <UniqueIdentifier>{4FC737F1-C7A5-4376-A066-2A32D752A2FF}</UniqueIdentifier>
      <Extensions>cpp;c;cc;cxx;def;odl;idl;hpj;bat;asm;asmx</Extensions>
    </Filter>
    <Filter Include="头文件">
      <UniqueIdentifier>{93995380-89BD-4b04-88EB-625FBE52EBFB}</UniqueIdentifier>
      <Extensions>h;hh;hpp;hxx;hm;inl;inc;xsd</Extensions>
    </Filter>
    <Filter Include="资源文件">
      <UniqueIdentifier>{67DA6AB6-F800-4c08-8B7A-83BB121AAD01}</UniqueIdentifier>
      <Extensions>rc;ico;cur;bmp;dlg;rc2;rct;bin;rgs;gif;jpg;jpeg;jpe;resx;tiff;tif;png;wav;mfcribbon-ms</Extensions>
    </Filter>
    <Filter Include="TTSBase">
      <UniqueIdentifier>{953853b8-e2d4-4aed-bd6c-7e8326fdf098}</UniqueIdentifier>
    </Filter>
  </ItemGroup>
  <ItemGroup>
    <Text Include="ReadMe.txt" />
  </ItemGroup>
  <ItemGroup>
    <ClInclude Include="TTSDemo.h">
      <Filter>头文件</Filter>
    </ClInclude>
    <ClInclude Include="TTSDemoDlg.h">
      <Filter>头文件</Filter>
    </ClInclude>
    <ClInclude Include="stdafx.h">
      <Filter>头文件</Filter>
    </ClInclude>
    <ClInclude Include="targetver.h">
      <Filter>头文件</Filter>
    </ClInclude>
    <ClInclude Include="Resource.h">
      <Filter>头文件</Filter>
    </ClInclude>
    <ClInclude Include="TTSDemoUtils.h">
      <Filter>头文件</Filter>
    </ClInclude>
    <ClInclude Include="includes\inter_lib.h">
      <Filter>TTSBase</Filter>
    </ClInclude>
    <ClInclude Include="includes\TN_Engine.h">
      <Filter>TTSBase</Filter>
    </ClInclude>
    <ClInclude Include="includes\TTS_ALL.h">
      <Filter>TTSBase</Filter>
    </ClInclude>
    <ClInclude Include="includes\word_seg_lib.h">
      <Filter>TTSBase</Filter>
    </ClInclude>
    <ClInclude Include="TTSInitDlg.h">
      <Filter>头文件</Filter>
    </ClInclude>
    <ClInclude Include="includes\pre_pro.h">
      <Filter>TTSBase</Filter>
    </ClInclude>
    <ClInclude Include="includes\Dictionary.h">
      <Filter>TTSBase</Filter>
    </ClInclude>
    <ClInclude Include="includes\MaxMatch.h">
      <Filter>TTSBase</Filter>
    </ClInclude>
    <ClInclude Include="includes\MaxMatch_Engine.h">
      <Filter>TTSBase</Filter>
    </ClInclude>
    <ClInclude Include="includes\StringUtil.h">
      <Filter>TTSBase</Filter>
    </ClInclude>
    <ClInclude Include="includes\Term.h">
      <Filter>TTSBase</Filter>
    </ClInclude>
    <ClInclude Include="includes\stdafx.h">
      <Filter>TTSBase</Filter>
    </ClInclude>
    <ClInclude Include="includes\UTF8Util.h">
      <Filter>TTSBase</Filter>
    </ClInclude>
    <ClInclude Include="includes\jieba\include\cppjieba\Jieba.hpp">
      <Filter>TTSBase</Filter>
    </ClInclude>
  </ItemGroup>
  <ItemGroup>
    <ClCompile Include="TTSDemo.cpp">
      <Filter>源文件</Filter>
    </ClCompile>
    <ClCompile Include="TTSDemoDlg.cpp">
      <Filter>源文件</Filter>
    </ClCompile>
    <ClCompile Include="stdafx.cpp">
      <Filter>源文件</Filter>
    </ClCompile>
    <ClCompile Include="TTSDemoUtils.cpp">
      <Filter>源文件</Filter>
    </ClCompile>
    <ClCompile Include="includes\tts_all.cpp">
      <Filter>TTSBase</Filter>
    </ClCompile>
    <ClCompile Include="includes\word_seg_lib.cpp">
      <Filter>TTSBase</Filter>
    </ClCompile>
    <ClCompile Include="TTSInitDlg.cpp">
      <Filter>源文件</Filter>
    </ClCompile>
    <ClCompile Include="includes\pre_pro.cpp">
      <Filter>TTSBase</Filter>
    </ClCompile>
    <ClCompile Include="src\Dictionary.cc">
      <Filter>TTSBase</Filter>
    </ClCompile>
    <ClCompile Include="src\MaxMatch.cc">
      <Filter>TTSBase</Filter>
    </ClCompile>
    <ClCompile Include="src\MaxMatch_Engine.cc">
      <Filter>TTSBase</Filter>
    </ClCompile>
    <ClCompile Include="src\StringUtil.cc">
      <Filter>TTSBase</Filter>
    </ClCompile>
    <ClCompile Include="src\Term.cc">
      <Filter>TTSBase</Filter>
    </ClCompile>
    <ClCompile Include="src\UTF8Util.cc">
      <Filter>TTSBase</Filter>
    </ClCompile>
  </ItemGroup>
  <ItemGroup>
    <ResourceCompile Include="TTSDemo.rc">
      <Filter>资源文件</Filter>
    </ResourceCompile>
  </ItemGroup>
  <ItemGroup>
    <None Include="res\TTSDemo.rc2">
      <Filter>资源文件</Filter>
    </None>
  </ItemGroup>
  <ItemGroup>
    <Image Include="res\TTSDemo.ico">
      <Filter>资源文件</Filter>
    </Image>
  </ItemGroup>
</Project>